
Microsoft Visual Studio Solution File, Format Version 12.00
# Visual Studio 15
VisualStudioVersion = 15.0.28307.168
MinimumVisualStudioVersion = 10.0.40219.1
Project("{8BC9CEB8-8B4A-11D0-8D11-00A0C91BC942}") = "Sandbox", "Sandbox\Sandbox.vcxproj", "{11A1A498-9FA9-4421-B9F5-ECEA313CB42A}"
EndProject
Project("{8BC9CEB8-8B4A-11D0-8D11-00A0C91BC942}") = "Hazel", "Hazel\Hazel.vcxproj", "{C84A3833-CDD1-460F-A149-7C4D2471081D}"
EndProject
Global
	GlobalSection(SolutionConfigurationPlatforms) = preSolution
		Debug|x64 = Debug|x64
		Release|x64 = Release|x64
	EndGlobalSection
	GlobalSection(ProjectConfigurationPlatforms) = postSolution
		{C84A3833-CDD1-460F-A149-7C4D2471081D}.Debug|x64.ActiveCfg = Debug|x64
		{C84A3833-CDD1-460F-A149-7C4D2471081D}.Debug|x64.Build.0 = Debug|x64
		{C84A3833-CDD1-460F-A149-7C4D2471081D}.Release|x64.ActiveCfg = Release|x64
		{C84A3833-CDD1-460F-A149-7C4D2471081D}.Release|x64.Build.0 = Release|x64
		{11A1A498-9FA9-4421-B9F5-ECEA313CB42A}.Debug|x64.ActiveCfg = Debug|x64
		{11A1A498-9FA9-4421-B9F5-ECEA313CB42A}.Debug|x64.Build.0 = Debug|x64
		{11A1A498-9FA9-4421-B9F5-ECEA313CB42A}.Release|x64.ActiveCfg = Release|x64
		{11A1A498-9FA9-4421-B9F5-ECEA313CB42A}.Release|x64.Build.0 = Release|x64
	EndGlobalSection
	GlobalSection(SolutionProperties) = preSolution
		HideSolutionNode = FALSE
	EndGlobalSection
	GlobalSection(ExtensibilityGlobals) = postSolution
		SolutionGuid = {6CA2E51F-06AF-4964-AAAA-9D668E93AF76}
	EndGlobalSection
EndGlobal
